
Microsoft Visual Studio Solution File, Format Version 12.00
# Visual Studio Version 16
VisualStudioVersion = 16.0.31112.23
MinimumVisualStudioVersion = 10.0.40219.1
Project("{FAE04EC0-301F-11D3-BF4B-00C04F79EFBC}") = "Lesson 3.1", "Lesson 3.1\Lesson 3.1.csproj", "{C6FF45A8-D40E-4C30-8835-254602B3A088}"
EndProject
Global
	GlobalSection(SolutionConfigurationPlatforms) = preSolution
		Debug|Any CPU = Debug|Any CPU
		Release|Any CPU = Release|Any CPU
	EndGlobalSection
	GlobalSection(ProjectConfigurationPlatforms) = postSolution
		{C6FF45A8-D40E-4C30-8835-254602B3A088}.Debug|Any CPU.ActiveCfg = Debug|Any CPU
		{C6FF45A8-D40E-4C30-8835-254602B3A088}.Debug|Any CPU.Build.0 = Debug|Any CPU
		{C6FF45A8-D40E-4C30-8835-254602B3A088}.Release|Any CPU.ActiveCfg = Release|Any CPU
		{C6FF45A8-D40E-4C30-8835-254602B3A088}.Release|Any CPU.Build.0 = Release|Any CPU
	EndGlobalSection
	GlobalSection(SolutionProperties) = preSolution
		HideSolutionNode = FALSE
	EndGlobalSection
	GlobalSection(ExtensibilityGlobals) = postSolution
		SolutionGuid = {411FE433-685E-4BBB-B1F4-5F89EED00A1C}
	EndGlobalSection
EndGlobal
